
Microsoft Visual Studio Solution File, Format Version 12.00
# Visual Studio Version 17
VisualStudioVersion = 17.5.002.0
MinimumVisualStudioVersion = 10.0.40219.1
Project("{9A19103F-16F7-4668-BE54-9A1E7A4F7556}") = "SignalTranslatorAligner", "SignalTranslatorAligner.csproj", "{55E4121C-7EE8-4A88-AF3E-159654D46516}"
EndProject
Global
	GlobalSection(SolutionConfigurationPlatforms) = preSolution
		Debug|Any CPU = Debug|Any CPU
		Release|Any CPU = Release|Any CPU
	EndGlobalSection
	GlobalSection(ProjectConfigurationPlatforms) = postSolution
		{55E4121C-7EE8-4A88-AF3E-159654D46516}.Debug|Any CPU.ActiveCfg = Debug|Any CPU
		{55E4121C-7EE8-4A88-AF3E-159654D46516}.Debug|Any CPU.Build.0 = Debug|Any CPU
		{55E4121C-7EE8-4A88-AF3E-159654D46516}.Release|Any CPU.ActiveCfg = Release|Any CPU
		{55E4121C-7EE8-4A88-AF3E-159654D46516}.Release|Any CPU.Build.0 = Release|Any CPU
	EndGlobalSection
	GlobalSection(SolutionProperties) = preSolution
		HideSolutionNode = FALSE
	EndGlobalSection
	GlobalSection(ExtensibilityGlobals) = postSolution
		SolutionGuid = {2FE3EC60-4B7F-40C7-B09A-AD2C643075F0}
	EndGlobalSection
EndGlobal
